// !$*UTF8*$!
{
	archiveVersion = 1;
	classes = {
	};
	objectVersion = 77;
	objects = {

/* Begin PBXBuildFile section */
		4702A6462CEBCC7100E81CBC /* AppDelegate.swift in Sources */ = {isa = PBXBuildFile; fileRef = 4702A63E2CEBCC7100E81CBC /* AppDelegate.swift */; };
		4702A6472CEBCC7100E81CBC /* SceneDelegate.swift in Sources */ = {isa = PBXBuildFile; fileRef = 4702A6432CEBCC7100E81CBC /* SceneDelegate.swift */; };
		4702A6482CEBCC7100E81CBC /* ToDoViewController.swift in Sources */ = {isa = PBXBuildFile; fileRef = 4702A6442CEBCC7100E81CBC /* ToDoViewController.swift */; };
		4702A6492CEBCC7100E81CBC /* Assets.xcassets in Resources */ = {isa = PBXBuildFile; fileRef = 4702A63F2CEBCC7100E81CBC /* Assets.xcassets */; };
		4702A64B2CEBCC7100E81CBC /* LaunchScreen.storyboard in Resources */ = {isa = PBXBuildFile; fileRef = 4702A6422CEBCC7100E81CBC /* LaunchScreen.storyboard */; };
		4702A64E2CEBCE3400E81CBC /* ExtentionUIColor.swift in Sources */ = {isa = PBXBuildFile; fileRef = 4702A64D2CEBCE3400E81CBC /* ExtentionUIColor.swift */; };
		4702A6502CEBD36900E81CBC /* PreviewVCExtention.swift in Sources */ = {isa = PBXBuildFile; fileRef = 4702A64F2CEBD36900E81CBC /* PreviewVCExtention.swift */; };
		4702A6542CEBD93500E81CBC /* ViewConfigurableProtocol.swift in Sources */ = {isa = PBXBuildFile; fileRef = 4702A6532CEBD93500E81CBC /* ViewConfigurableProtocol.swift */; };
		477C2B482CED14110085CDED /* SF-Pro-Text-Regular.otf in Resources */ = {isa = PBXBuildFile; fileRef = 477C2B472CED14110085CDED /* SF-Pro-Text-Regular.otf */; };
		477C2B4A2CED15400085CDED /* ExtentionUIFont.swift in Sources */ = {isa = PBXBuildFile; fileRef = 477C2B492CED15400085CDED /* ExtentionUIFont.swift */; };
		477C2B4B2CED18400085CDED /* SF-Pro-Text-Medium.otf in Resources */ = {isa = PBXBuildFile; fileRef = 477C2B452CED14010085CDED /* SF-Pro-Text-Medium.otf */; };
		477C2B4C2CED184B0085CDED /* SF-Pro-Text-Bold.otf in Resources */ = {isa = PBXBuildFile; fileRef = 477C2B432CED13F10085CDED /* SF-Pro-Text-Bold.otf */; };
		47DD891D2D259E4100AAA80F /* TaskViewController.swift in Sources */ = {isa = PBXBuildFile; fileRef = 47DD891C2D259E4100AAA80F /* TaskViewController.swift */; };
/* End PBXBuildFile section */

/* Begin PBXFileReference section */
		4702A6262CEBC9EB00E81CBC /* ToDoList.app */ = {isa = PBXFileReference; explicitFileType = wrapper.application; includeInIndex = 0; path = ToDoList.app; sourceTree = BUILT_PRODUCTS_DIR; };
		4702A63E2CEBCC7100E81CBC /* AppDelegate.swift */ = {isa = PBXFileReference; lastKnownFileType = sourcecode.swift; path = AppDelegate.swift; sourceTree = "<group>"; };
		4702A63F2CEBCC7100E81CBC /* Assets.xcassets */ = {isa = PBXFileReference; lastKnownFileType = folder.assetcatalog; path = Assets.xcassets; sourceTree = "<group>"; };
		4702A6402CEBCC7100E81CBC /* Info.plist */ = {isa = PBXFileReference; lastKnownFileType = text.plist.xml; path = Info.plist; sourceTree = "<group>"; };
		4702A6412CEBCC7100E81CBC /* Base */ = {isa = PBXFileReference; lastKnownFileType = file.storyboard; name = Base; path = Base.lproj/LaunchScreen.storyboard; sourceTree = "<group>"; };
		4702A6432CEBCC7100E81CBC /* SceneDelegate.swift */ = {isa = PBXFileReference; lastKnownFileType = sourcecode.swift; path = SceneDelegate.swift; sourceTree = "<group>"; };
		4702A6442CEBCC7100E81CBC /* ToDoViewController.swift */ = {isa = PBXFileReference; lastKnownFileType = sourcecode.swift; path = ToDoViewController.swift; sourceTree = "<group>"; };
		4702A64D2CEBCE3400E81CBC /* ExtentionUIColor.swift */ = {isa = PBXFileReference; lastKnownFileType = sourcecode.swift; path = ExtentionUIColor.swift; sourceTree = "<group>"; };
		4702A64F2CEBD36900E81CBC /* PreviewVCExtention.swift */ = {isa = PBXFileReference; lastKnownFileType = sourcecode.swift; path = PreviewVCExtention.swift; sourceTree = "<group>"; };
		4702A6532CEBD93500E81CBC /* ViewConfigurableProtocol.swift */ = {isa = PBXFileReference; lastKnownFileType = sourcecode.swift; path = ViewConfigurableProtocol.swift; sourceTree = "<group>"; };
		477C2B432CED13F10085CDED /* SF-Pro-Text-Bold.otf */ = {isa = PBXFileReference; lastKnownFileType = file; path = "SF-Pro-Text-Bold.otf"; sourceTree = "<group>"; };
		477C2B452CED14010085CDED /* SF-Pro-Text-Medium.otf */ = {isa = PBXFileReference; lastKnownFileType = file; path = "SF-Pro-Text-Medium.otf"; sourceTree = "<group>"; };
		477C2B472CED14110085CDED /* SF-Pro-Text-Regular.otf */ = {isa = PBXFileReference; lastKnownFileType = file; path = "SF-Pro-Text-Regular.otf"; sourceTree = "<group>"; };
		477C2B492CED15400085CDED /* ExtentionUIFont.swift */ = {isa = PBXFileReference; lastKnownFileType = sourcecode.swift; path = ExtentionUIFont.swift; sourceTree = "<group>"; };
		47DD891C2D259E4100AAA80F /* TaskViewController.swift */ = {isa = PBXFileReference; lastKnownFileType = sourcecode.swift; path = TaskViewController.swift; sourceTree = "<group>"; };
/* End PBXFileReference section */

/* Begin PBXFrameworksBuildPhase section */
		4702A6232CEBC9EB00E81CBC /* Frameworks */ = {
			isa = PBXFrameworksBuildPhase;
			buildActionMask = 2147483647;
			files = (
			);
			runOnlyForDeploymentPostprocessing = 0;
		};
/* End PBXFrameworksBuildPhase section */

/* Begin PBXGroup section */
		4702A61D2CEBC9EB00E81CBC = {
			isa = PBXGroup;
			children = (
				4702A6452CEBCC7100E81CBC /* ToDoList */,
				4702A6272CEBC9EB00E81CBC /* Products */,
			);
			sourceTree = "<group>";
			usesTabs = 0;
		};
		4702A6272CEBC9EB00E81CBC /* Products */ = {
			isa = PBXGroup;
			children = (
				4702A6262CEBC9EB00E81CBC /* ToDoList.app */,
			);
			name = Products;
			sourceTree = "<group>";
		};
		4702A6452CEBCC7100E81CBC /* ToDoList */ = {
			isa = PBXGroup;
			children = (
				4702A64C2CEBCC7900E81CBC /* ToDoController */,
				4702A63E2CEBCC7100E81CBC /* AppDelegate.swift */,
				477C2B192CED09C10085CDED /* Resources */,
				4702A6402CEBCC7100E81CBC /* Info.plist */,
				4702A6422CEBCC7100E81CBC /* LaunchScreen.storyboard */,
				4702A6432CEBCC7100E81CBC /* SceneDelegate.swift */,
			);
			path = ToDoList;
			sourceTree = "<group>";
		};
		4702A64C2CEBCC7900E81CBC /* ToDoController */ = {
			isa = PBXGroup;
			children = (
				4702A6442CEBCC7100E81CBC /* ToDoViewController.swift */,
				47DD891C2D259E4100AAA80F /* TaskViewController.swift */,
			);
			path = ToDoController;
			sourceTree = "<group>";
		};
		477C2B192CED09C10085CDED /* Resources */ = {
			isa = PBXGroup;
			children = (
				477C2B1A2CED09F90085CDED /* Fonts */,
				4702A63F2CEBCC7100E81CBC /* Assets.xcassets */,
				4702A64D2CEBCE3400E81CBC /* ExtentionUIColor.swift */,
				4702A64F2CEBD36900E81CBC /* PreviewVCExtention.swift */,
				4702A6532CEBD93500E81CBC /* ViewConfigurableProtocol.swift */,
				477C2B492CED15400085CDED /* ExtentionUIFont.swift */,
			);
			path = Resources;
			sourceTree = "<group>";
		};
		477C2B1A2CED09F90085CDED /* Fonts */ = {
			isa = PBXGroup;
			children = (
				477C2B432CED13F10085CDED /* SF-Pro-Text-Bold.otf */,
				477C2B452CED14010085CDED /* SF-Pro-Text-Medium.otf */,
				477C2B472CED14110085CDED /* SF-Pro-Text-Regular.otf */,
			);
			path = Fonts;
			sourceTree = "<group>";
		};
/* End PBXGroup section */

/* Begin PBXNativeTarget section */
		4702A6252CEBC9EB00E81CBC /* ToDoList */ = {
			isa = PBXNativeTarget;
			buildConfigurationList = 4702A6392CEBC9ED00E81CBC /* Build configuration list for PBXNativeTarget "ToDoList" */;
			buildPhases = (
				4702A6222CEBC9EB00E81CBC /* Sources */,
				4702A6232CEBC9EB00E81CBC /* Frameworks */,
				4702A6242CEBC9EB00E81CBC /* Resources */,
			);
			buildRules = (
			);
			dependencies = (
			);
			name = ToDoList;
			packageProductDependencies = (
			);
			productName = ToDoList;
			productReference = 4702A6262CEBC9EB00E81CBC /* ToDoList.app */;
			productType = "com.apple.product-type.application";
		};
/* End PBXNativeTarget section */

/* Begin PBXProject section */
		4702A61E2CEBC9EB00E81CBC /* Project object */ = {
			isa = PBXProject;
			attributes = {
				BuildIndependentTargetsInParallel = 1;
				LastSwiftUpdateCheck = 1610;
				LastUpgradeCheck = 1610;
				TargetAttributes = {
					4702A6252CEBC9EB00E81CBC = {
						CreatedOnToolsVersion = 16.1;
					};
				};
			};
			buildConfigurationList = 4702A6212CEBC9EB00E81CBC /* Build configuration list for PBXProject "ToDoList" */;
			developmentRegion = en;
			hasScannedForEncodings = 0;
			knownRegions = (
				en,
				Base,
			);
			mainGroup = 4702A61D2CEBC9EB00E81CBC;
			minimizedProjectReferenceProxies = 1;
			preferredProjectObjectVersion = 77;
			productRefGroup = 4702A6272CEBC9EB00E81CBC /* Products */;
			projectDirPath = "";
			projectRoot = "";
			targets = (
				4702A6252CEBC9EB00E81CBC /* ToDoList */,
			);
		};
/* End PBXProject section */

/* Begin PBXResourcesBuildPhase section */
		4702A6242CEBC9EB00E81CBC /* Resources */ = {
			isa = PBXResourcesBuildPhase;
			buildActionMask = 2147483647;
			files = (
				477C2B482CED14110085CDED /* SF-Pro-Text-Regular.otf in Resources */,
				477C2B4C2CED184B0085CDED /* SF-Pro-Text-Bold.otf in Resources */,
				4702A6492CEBCC7100E81CBC /* Assets.xcassets in Resources */,
				477C2B4B2CED18400085CDED /* SF-Pro-Text-Medium.otf in Resources */,
				4702A64B2CEBCC7100E81CBC /* LaunchScreen.storyboard in Resources */,
			);
			runOnlyForDeploymentPostprocessing = 0;
		};
/* End PBXResourcesBuildPhase section */

/* Begin PBXSourcesBuildPhase section */
		4702A6222CEBC9EB00E81CBC /* Sources */ = {
			isa = PBXSourcesBuildPhase;
			buildActionMask = 2147483647;
			files = (
				4702A6462CEBCC7100E81CBC /* AppDelegate.swift in Sources */,
				477C2B4A2CED15400085CDED /* ExtentionUIFont.swift in Sources */,
				4702A6502CEBD36900E81CBC /* PreviewVCExtention.swift in Sources */,
				4702A6472CEBCC7100E81CBC /* SceneDelegate.swift in Sources */,
				4702A6542CEBD93500E81CBC /* ViewConfigurableProtocol.swift in Sources */,
				47DD891D2D259E4100AAA80F /* TaskViewController.swift in Sources */,
				4702A64E2CEBCE3400E81CBC /* ExtentionUIColor.swift in Sources */,
				4702A6482CEBCC7100E81CBC /* ToDoViewController.swift in Sources */,
			);
			runOnlyForDeploymentPostprocessing = 0;
		};
/* End PBXSourcesBuildPhase section */

/* Begin PBXVariantGroup section */
		4702A6422CEBCC7100E81CBC /* LaunchScreen.storyboard */ = {
			isa = PBXVariantGroup;
			children = (
				4702A6412CEBCC7100E81CBC /* Base */,
			);
			name = LaunchScreen.storyboard;
			sourceTree = "<group>";
		};
/* End PBXVariantGroup section */

/* Begin XCBuildConfiguration section */
		4702A63A2CEBC9ED00E81CBC /* Debug */ = {
			isa = XCBuildConfiguration;
			buildSettings = {
				ASSETCATALOG_COMPILER_APPICON_NAME = AppIcon;
				ASSETCATALOG_COMPILER_GLOBAL_ACCENT_COLOR_NAME = AccentColor;
				CODE_SIGN_STYLE = Automatic;
				CURRENT_PROJECT_VERSION = 1;
				DEVELOPMENT_TEAM = 23S69NAK72;
				GENERATE_INFOPLIST_FILE = YES;
				INFOPLIST_FILE = ToDoList/Info.plist;
				INFOPLIST_KEY_UIApplicationSupportsIndirectInputEvents = YES;
				INFOPLIST_KEY_UILaunchStoryboardName = LaunchScreen;
				INFOPLIST_KEY_UISupportedInterfaceOrientations = UIInterfaceOrientationPortrait;
				INFOPLIST_KEY_UISupportedInterfaceOrientations_iPad = "UIInterfaceOrientationLandscapeLeft UIInterfaceOrientationLandscapeRight UIInterfaceOrientationPortrait UIInterfaceOrientationPortraitUpsideDown";
				IPHONEOS_DEPLOYMENT_TARGET = 15;
				LD_RUNPATH_SEARCH_PATHS = (
					"$(inherited)",
					"@executable_path/Frameworks",
				);
				MARKETING_VERSION = 1.0;
				PRODUCT_BUNDLE_IDENTIFIER = "com.gmail-zhuk76787.ToDoList";
				PRODUCT_NAME = "$(TARGET_NAME)";
				SUPPORTED_PLATFORMS = "iphoneos iphonesimulator";
				SUPPORTS_MACCATALYST = NO;
				SUPPORTS_MAC_DESIGNED_FOR_IPHONE_IPAD = NO;
				SUPPORTS_XR_DESIGNED_FOR_IPHONE_IPAD = NO;
				SWIFT_EMIT_LOC_STRINGS = YES;
				SWIFT_VERSION = 5.0;
				TARGETED_DEVICE_FAMILY = 1;
			};
			name = Debug;
		};
		4702A63B2CEBC9ED00E81CBC /* Release */ = {
			isa = XCBuildConfiguration;
			buildSettings = {
				ASSETCATALOG_COMPILER_APPICON_NAME = AppIcon;
				ASSETCATALOG_COMPILER_GLOBAL_ACCENT_COLOR_NAME = AccentColor;
				CODE_SIGN_STYLE = Automatic;
				CURRENT_PROJECT_VERSION = 1;
				DEVELOPMENT_TEAM = 23S69NAK72;
				GENERATE_INFOPLIST_FILE = YES;
				INFOPLIST_FILE = ToDoList/Info.plist;
				INFOPLIST_KEY_UIApplicationSupportsIndirectInputEvents = YES;
				INFOPLIST_KEY_UILaunchStoryboardName = LaunchScreen;
				INFOPLIST_KEY_UISupportedInterfaceOrientations = UIInterfaceOrientationPortrait;
				INFOPLIST_KEY_UISupportedInterfaceOrientations_iPad = "UIInterfaceOrientationLandscapeLeft UIInterfaceOrientationLandscapeRight UIInterfaceOrientationPortrait UIInterfaceOrientationPortraitUpsideDown";
				IPHONEOS_DEPLOYMENT_TARGET = 15;
				LD_RUNPATH_SEARCH_PATHS = (
					"$(inherited)",
					"@executable_path/Frameworks",
				);
				MARKETING_VERSION = 1.0;
				PRODUCT_BUNDLE_IDENTIFIER = "com.gmail-zhuk76787.ToDoList";
				PRODUCT_NAME = "$(TARGET_NAME)";
				SUPPORTED_PLATFORMS = "iphoneos iphonesimulator";
				SUPPORTS_MACCATALYST = NO;
				SUPPORTS_MAC_DESIGNED_FOR_IPHONE_IPAD = NO;
				SUPPORTS_XR_DESIGNED_FOR_IPHONE_IPAD = NO;
				SWIFT_EMIT_LOC_STRINGS = YES;
				SWIFT_VERSION = 5.0;
				TARGETED_DEVICE_FAMILY = 1;
			};
			name = Release;
		};
		4702A63C2CEBC9ED00E81CBC /* Debug */ = {
			isa = XCBuildConfiguration;
			buildSettings = {
				ALWAYS_SEARCH_USER_PATHS = NO;
				ASSETCATALOG_COMPILER_GENERATE_SWIFT_ASSET_SYMBOL_EXTENSIONS = YES;
				CLANG_ANALYZER_NONNULL = YES;
				CLANG_ANALYZER_NUMBER_OBJECT_CONVERSION = YES_AGGRESSIVE;
				CLANG_CXX_LANGUAGE_STANDARD = "gnu++20";
				CLANG_ENABLE_MODULES = YES;
				CLANG_ENABLE_OBJC_ARC = YES;
				CLANG_ENABLE_OBJC_WEAK = YES;
				CLANG_WARN_BLOCK_CAPTURE_AUTORELEASING = YES;
				CLANG_WARN_BOOL_CONVERSION = YES;
				CLANG_WARN_COMMA = YES;
				CLANG_WARN_CONSTANT_CONVERSION = YES;
				CLANG_WARN_DEPRECATED_OBJC_IMPLEMENTATIONS = YES;
				CLANG_WARN_DIRECT_OBJC_ISA_USAGE = YES_ERROR;
				CLANG_WARN_DOCUMENTATION_COMMENTS = YES;
				CLANG_WARN_EMPTY_BODY = YES;
				CLANG_WARN_ENUM_CONVERSION = YES;
				CLANG_WARN_INFINITE_RECURSION = YES;
				CLANG_WARN_INT_CONVERSION = YES;
				CLANG_WARN_NON_LITERAL_NULL_CONVERSION = YES;
				CLANG_WARN_OBJC_IMPLICIT_RETAIN_SELF = YES;
				CLANG_WARN_OBJC_LITERAL_CONVERSION = YES;
				CLANG_WARN_OBJC_ROOT_CLASS = YES_ERROR;
				CLANG_WARN_QUOTED_INCLUDE_IN_FRAMEWORK_HEADER = YES;
				CLANG_WARN_RANGE_LOOP_ANALYSIS = YES;
				CLANG_WARN_STRICT_PROTOTYPES = YES;
				CLANG_WARN_SUSPICIOUS_MOVE = YES;
				CLANG_WARN_UNGUARDED_AVAILABILITY = YES_AGGRESSIVE;
				CLANG_WARN_UNREACHABLE_CODE = YES;
				CLANG_WARN__DUPLICATE_METHOD_MATCH = YES;
				COPY_PHASE_STRIP = NO;
				DEBUG_INFORMATION_FORMAT = dwarf;
				ENABLE_STRICT_OBJC_MSGSEND = YES;
				ENABLE_TESTABILITY = YES;
				ENABLE_USER_SCRIPT_SANDBOXING = YES;
				GCC_C_LANGUAGE_STANDARD = gnu17;
				GCC_DYNAMIC_NO_PIC = NO;
				GCC_NO_COMMON_BLOCKS = YES;
				GCC_OPTIMIZATION_LEVEL = 0;
				GCC_PREPROCESSOR_DEFINITIONS = (
					"DEBUG=1",
					"$(inherited)",
				);
				GCC_WARN_64_TO_32_BIT_CONVERSION = YES;
				GCC_WARN_ABOUT_RETURN_TYPE = YES_ERROR;
				GCC_WARN_UNDECLARED_SELECTOR = YES;
				GCC_WARN_UNINITIALIZED_AUTOS = YES_AGGRESSIVE;
				GCC_WARN_UNUSED_FUNCTION = YES;
				GCC_WARN_UNUSED_VARIABLE = YES;
				IPHONEOS_DEPLOYMENT_TARGET = 18.1;
				LOCALIZATION_PREFERS_STRING_CATALOGS = YES;
				MTL_ENABLE_DEBUG_INFO = INCLUDE_SOURCE;
				MTL_FAST_MATH = YES;
				ONLY_ACTIVE_ARCH = YES;
				SDKROOT = iphoneos;
				SWIFT_ACTIVE_COMPILATION_CONDITIONS = "DEBUG $(inherited)";
				SWIFT_OPTIMIZATION_LEVEL = "-Onone";
			};
			name = Debug;
		};
		4702A63D2CEBC9ED00E81CBC /* Release */ = {
			isa = XCBuildConfiguration;
			buildSettings = {
				ALWAYS_SEARCH_USER_PATHS = NO;
				ASSETCATALOG_COMPILER_GENERATE_SWIFT_ASSET_SYMBOL_EXTENSIONS = YES;
				CLANG_ANALYZER_NONNULL = YES;
				CLANG_ANALYZER_NUMBER_OBJECT_CONVERSION = YES_AGGRESSIVE;
				CLANG_CXX_LANGUAGE_STANDARD = "gnu++20";
				CLANG_ENABLE_MODULES = YES;
				CLANG_ENABLE_OBJC_ARC = YES;
				CLANG_ENABLE_OBJC_WEAK = YES;
				CLANG_WARN_BLOCK_CAPTURE_AUTORELEASING = YES;
				CLANG_WARN_BOOL_CONVERSION = YES;
				CLANG_WARN_COMMA = YES;
				CLANG_WARN_CONSTANT_CONVERSION = YES;
				CLANG_WARN_DEPRECATED_OBJC_IMPLEMENTATIONS = YES;
				CLANG_WARN_DIRECT_OBJC_ISA_USAGE = YES_ERROR;
				CLANG_WARN_DOCUMENTATION_COMMENTS = YES;
				CLANG_WARN_EMPTY_BODY = YES;
				CLANG_WARN_ENUM_CONVERSION = YES;
				CLANG_WARN_INFINITE_RECURSION = YES;
				CLANG_WARN_INT_CONVERSION = YES;
				CLANG_WARN_NON_LITERAL_NULL_CONVERSION = YES;
				CLANG_WARN_OBJC_IMPLICIT_RETAIN_SELF = YES;
				CLANG_WARN_OBJC_LITERAL_CONVERSION = YES;
				CLANG_WARN_OBJC_ROOT_CLASS = YES_ERROR;
				CLANG_WARN_QUOTED_INCLUDE_IN_FRAMEWORK_HEADER = YES;
				CLANG_WARN_RANGE_LOOP_ANALYSIS = YES;
				CLANG_WARN_STRICT_PROTOTYPES = YES;
				CLANG_WARN_SUSPICIOUS_MOVE = YES;
				CLANG_WARN_UNGUARDED_AVAILABILITY = YES_AGGRESSIVE;
				CLANG_WARN_UNREACHABLE_CODE = YES;
				CLANG_WARN__DUPLICATE_METHOD_MATCH = YES;
				COPY_PHASE_STRIP = NO;
				DEBUG_INFORMATION_FORMAT = "dwarf-with-dsym";
				ENABLE_NS_ASSERTIONS = NO;
				ENABLE_STRICT_OBJC_MSGSEND = YES;
				ENABLE_USER_SCRIPT_SANDBOXING = YES;
				GCC_C_LANGUAGE_STANDARD = gnu17;
				GCC_NO_COMMON_BLOCKS = YES;
				GCC_WARN_64_TO_32_BIT_CONVERSION = YES;
				GCC_WARN_ABOUT_RETURN_TYPE = YES_ERROR;
				GCC_WARN_UNDECLARED_SELECTOR = YES;
				GCC_WARN_UNINITIALIZED_AUTOS = YES_AGGRESSIVE;
				GCC_WARN_UNUSED_FUNCTION = YES;
				GCC_WARN_UNUSED_VARIABLE = YES;
				IPHONEOS_DEPLOYMENT_TARGET = 18.1;
				LOCALIZATION_PREFERS_STRING_CATALOGS = YES;
				MTL_ENABLE_DEBUG_INFO = NO;
				MTL_FAST_MATH = YES;
				SDKROOT = iphoneos;
				SWIFT_COMPILATION_MODE = wholemodule;
				VALIDATE_PRODUCT = YES;
			};
			name = Release;
		};
/* End XCBuildConfiguration section */

/* Begin XCConfigurationList section */
		4702A6212CEBC9EB00E81CBC /* Build configuration list for PBXProject "ToDoList" */ = {
			isa = XCConfigurationList;
			buildConfigurations = (
				4702A63C2CEBC9ED00E81CBC /* Debug */,
				4702A63D2CEBC9ED00E81CBC /* Release */,
			);
			defaultConfigurationIsVisible = 0;
			defaultConfigurationName = Release;
		};
		4702A6392CEBC9ED00E81CBC /* Build configuration list for PBXNativeTarget "ToDoList" */ = {
			isa = XCConfigurationList;
			buildConfigurations = (
				4702A63A2CEBC9ED00E81CBC /* Debug */,
				4702A63B2CEBC9ED00E81CBC /* Release */,
			);
			defaultConfigurationIsVisible = 0;
			defaultConfigurationName = Release;
		};
/* End XCConfigurationList section */
	};
	rootObject = 4702A61E2CEBC9EB00E81CBC /* Project object */;
}
